# THIS IS AN AUTOGENERATED FILE. DO NOT EDIT THIS FILE DIRECTLY.
# yarn lockfile v1


"@types/sortablejs@^1.15.2", "@types/sortablejs@1":
  version "1.15.2"
  resolved "https://registry.npmjs.org/@types/sortablejs/-/sortablejs-1.15.2.tgz"
  integrity sha512-mOIv/EnPMzAZAVbuh9uGjOZ1BBdimP9Y6IPGntsvQJtko5yapSDKB7GwB3AOlF5N3bkpk4sBwQRpS3aEkiUbaA==

"@wordpress/stylelint-config@^20.0.2":
  version "20.0.3"
  resolved "https://registry.npmjs.org/@wordpress/stylelint-config/-/stylelint-config-20.0.3.tgz"
  integrity sha512-J+bByJYLkc+pCFzDekIEVQq513It+4XnLbQLn5KFcYD0ztk4KJsnNfU/uY8t9BAhfJfX8spwLo+tUwMF47tUTQ==
  dependencies:
    stylelint-config-recommended "^6.0.0"
    stylelint-config-recommended-scss "^5.0.2"

"@wpmudev/sui-box@^0.0.0", "@wpmudev/sui-box@file:/Users/govind/Development/SUI Development/sui-docs/packages/sui-react/packages/components/box":
  version "0.0.0"
  resolved "file:packages/components/box"

"@wpmudev/sui-builder@file:/Users/govind/Development/SUI Development/sui-docs/packages/sui-react/packages/components/builder":
  version "0.0.0"
  resolved "file:packages/components/builder"
  dependencies:
    "@wpmudev/sui-menu" "^0.0.0"
    react-sortablejs "^6.1.4"
    sortablejs "^1.15.0"

"@wpmudev/sui-button@^0.0.0", "@wpmudev/sui-button@file:/Users/govind/Development/SUI Development/sui-docs/packages/sui-react/packages/components/button":
  version "0.0.0"
  resolved "file:packages/components/button"

"@wpmudev/sui-grid@^0.0.0", "@wpmudev/sui-grid@file:/Users/govind/Development/SUI Development/sui-docs/packages/sui-react/packages/components/grid":
  version "0.0.0"
  resolved "file:packages/components/grid"

"@wpmudev/sui-hooks@^0.0.0", "@wpmudev/sui-hooks@file:/Users/govind/Development/SUI Development/sui-docs/packages/sui-react/packages/hooks":
  version "0.0.0"
  resolved "file:packages/hooks"

"@wpmudev/sui-menu@^0.0.0", "@wpmudev/sui-menu@file:/Users/govind/Development/SUI Development/sui-docs/packages/sui-react/packages/components/menu":
  version "0.0.0"
  resolved "file:packages/components/menu"
  dependencies:
    "@wpmudev/sui-utils" "^0.0.0"

"@wpmudev/sui-notification@^0.0.0", "@wpmudev/sui-notification@file:/Users/govind/Development/SUI Development/sui-docs/packages/sui-react/packages/components/notification":
  version "0.0.0"
  resolved "file:packages/components/notification"
  dependencies:
    "@wpmudev/sui-button" "^0.0.0"

"@wpmudev/sui-utils@^0.0.0", "@wpmudev/sui-utils@file:/Users/govind/Development/SUI Development/sui-docs/packages/sui-react/packages/utils":
  version "0.0.0"
  resolved "file:packages/utils"

classnames@2.3.1:
  version "2.3.1"
  resolved "https://registry.npmjs.org/classnames/-/classnames-2.3.1.tgz"
  integrity sha512-OlQdbZ7gLfGarSqxesMesDa5uz7KFbID8Kpq/SxIoNGDqY8lSYs0D+hhtBXhcdB3rcbXArFr7vlHheLk1voeNA==

"js-tokens@^3.0.0 || ^4.0.0":
  version "4.0.0"
  resolved "https://registry.npmjs.org/js-tokens/-/js-tokens-4.0.0.tgz"
  integrity sha512-RdJUflcE3cUzKiMqQgsCu06FPu9UdIJO0beYbPhHN4k6apgJtifcoCtT9bcxOpYBtpD2kCM6Sbzg4CausW/PKQ==

loose-envify@^1.1.0:
  version "1.4.0"
  resolved "https://registry.npmjs.org/loose-envify/-/loose-envify-1.4.0.tgz"
  integrity sha512-lyuxPGr/Wfhrlem2CL/UcnUc1zcqKAImBDzukY7Y5F/yQiNdko6+fRLevlw1HgMySw7f611UIY408EtxRSoK3Q==
  dependencies:
    js-tokens "^3.0.0 || ^4.0.0"

prettier@2.7.1:
  version "2.7.1"
  resolved "https://registry.npmjs.org/prettier/-/prettier-2.7.1.tgz"
  integrity sha512-ujppO+MkdPqoVINuDFDRLClm7D78qbDt0/NR+wp5FqEZOoTNAjPHWj17QRhu7geIHJfcNhRk1XVQmF8Bp3ye+g==

react-dom@^18.2.0, react-dom@>=16.9.0:
  version "18.2.0"
  resolved "https://registry.npmjs.org/react-dom/-/react-dom-18.2.0.tgz"
  integrity sha512-6IMTriUmvsjHUjNtEDudZfuDQUoWXVxKHhlEGSk81n4YFS+r/Kl99wXiwlVXtPBtJenozv2P+hxDsw9eA7Xo6g==
  dependencies:
    loose-envify "^1.1.0"
    scheduler "^0.23.0"

react-sortablejs@^6.1.4:
  version "6.1.4"
  resolved "https://registry.npmjs.org/react-sortablejs/-/react-sortablejs-6.1.4.tgz"
  integrity sha512-fc7cBosfhnbh53Mbm6a45W+F735jwZ1UFIYSrIqcO/gRIFoDyZeMtgKlpV4DdyQfbCzdh5LoALLTDRxhMpTyXQ==
  dependencies:
    classnames "2.3.1"
    tiny-invariant "1.2.0"

react@^18.2.0, react@>=16.9.0:
  version "18.2.0"
  resolved "https://registry.npmjs.org/react/-/react-18.2.0.tgz"
  integrity sha512-/3IjMdb2L9QbBdWiW5e3P2/npwMBaU9mHCSCUzNln0ZCYbcfTsGbTJrU/kGemdH2IWmB2ioZ+zkxtmq6g09fGQ==
  dependencies:
    loose-envify "^1.1.0"

scheduler@^0.23.0:
  version "0.23.0"
  resolved "https://registry.npmjs.org/scheduler/-/scheduler-0.23.0.tgz"
  integrity sha512-CtuThmgHNg7zIZWAXi3AsyIzA3n4xx7aNyjwC2VJldO2LMVDhFK+63xGqq6CsJH4rTAt6/M+N4GhZiDYPx9eUw==
  dependencies:
    loose-envify "^1.1.0"

sortablejs@^1.15.0, sortablejs@1:
  version "1.15.0"
  resolved "https://registry.npmjs.org/sortablejs/-/sortablejs-1.15.0.tgz"
  integrity sha512-bv9qgVMjUMf89wAvM6AxVvS/4MX3sPeN0+agqShejLU5z5GX4C75ow1O2e5k4L6XItUyAK3gH6AxSbXrOM5e8w==

tiny-invariant@1.2.0:
  version "1.2.0"
  resolved "https://registry.npmjs.org/tiny-invariant/-/tiny-invariant-1.2.0.tgz"
  integrity sha512-1Uhn/aqw5C6RI4KejVeTg6mIS7IqxnLJ8Mv2tV5rTc0qWobay7pDUz6Wi392Cnc8ak1H0F2cjoRzb2/AW4+Fvg==
